PODS:
  - FlutterMacOS (1.0.0)
  - native_example (0.0.1):
    - FlutterMacOS

DEPENDENCIES:
  - FlutterMacOS (from `Flutter/ephemeral`)
  - native_example (from `Flutter/ephemeral/.symlinks/plugins/native_example/macos`)

EXTERNAL SOURCES:
  FlutterMacOS:
    :path: Flutter/ephemeral
  native_example:
    :path: Flutter/ephemeral/.symlinks/plugins/native_example/macos

SPEC CHECKSUMS:
  FlutterMacOS: d0db08ddef1a9af05a5ec4b724367152bb0500b1
  native_example: 493cd917ad40234a7d229064fa7cfa5e89e7d47b

PODFILE CHECKSUM: 9ebaf0ce3d369aaa26a9ea0e159195ed94724cf3

COCOAPODS: 1.16.2
