PODS:
  - Flutter (1.0.0)
  - native_example (0.0.1):
    - Flutter

DEPENDENCIES:
  - Flutter (from `Flutter`)
  - native_example (from `.symlinks/plugins/native_example/ios`)

EXTERNAL SOURCES:
  Flutter:
    :path: Flutter
  native_example:
    :path: ".symlinks/plugins/native_example/ios"

SPEC CHECKSUMS:
  Flutter: cabc95a1d2626b1b06e7179b784ebcf0c0cde467
  native_example: 13c00769d60be30db68d31656f027dca5fcdd5ea

PODFILE CHECKSUM: a57f30d18f102dd3ce366b1d62a55ecbef2158e5

COCOAPODS: 1.16.2
